<Solution>
  <Folder Name="/article_service/" />
  <Folder Name="/article_service/src/">
    <Project Path="article_service/src/ArticleService/ArticleService.csproj" />
  </Folder>
  <Folder Name="/comment_service/" />
  <Folder Name="/comment_service/src/">
    <Project Path="comment_service/src/CommentService/CommentService.csproj" />
  </Folder>
  <Folder Name="/comment_service/tests/">
    <Project Path="comment_service/tests/CommentService.Tests/CommentService.Tests.csproj" />
  </Folder>
  <Folder Name="/draft_service/" />
  <Folder Name="/draft_service/src/">
    <Project Path="draft_service/src/DraftService/DraftService.csproj" />
  </Folder>
  <Folder Name="/draft_service/tests/">
    <Project Path="draft_service/tests/DraftService.Tests/DraftService.Tests.csproj" />
  </Folder>
  <Folder Name="/happy-headlines-web_service/" />
  <Folder Name="/happy-headlines-web_service/src/">
    <Project Path="happy-headlines-web_service/src/HappyHeadlines.web.wasm/HappyHeadlines.web.wasm.csproj" />
    <Project Path="happy-headlines-web_service/src/HappyHeadlinesPages.web/HappyHeadlinesPages.web.csproj" />
  </Folder>
  <Folder Name="/profanity_service/" />
  <Folder Name="/profanity_service/src/">
    <Project Path="profanity_service/src/ProfanityService/ProfanityService.csproj" />
  </Folder>
  <Folder Name="/profanity_service/tests/">
    <Project Path="profanity_service/tests/ProfanityService.Tests/ProfanityService.Tests.csproj" />
  </Folder>
  <Folder Name="/shared/" />
  <Folder Name="/shared/src/">
    <Project Path="shared/src/Messaging/Messaging.csproj" />
  </Folder>
  <Folder Name="/publish_service/" />
  <Folder Name="/publish_service/src/">
    <Project Path="publish_service/src/PublishService/PublishService.csproj" />
  </Folder>
</Solution>
